{
    "version": 3,
    "terraform_version": "0.10.7",
    "serial": 2,
    "lineage": "59cd53c6-734f-4371-b8f8-a42747887cbb",
    "modules": [
        {
            "path": [
                "root"
            ],
            "outputs": {
                "availability_domain": {
                    "sensitive": false,
                    "type": "string",
                    "value": "UpwH:US-ASHBURN-AD-2"
                },
                "volume_ocid": {
                    "sensitive": false,
                    "type": "string",
                    "value": "ocid1.volume.oc1.iad.abuwcljti4xuxjwvafvsrroccqlktl6rjq3koui3ieiwrjnyjvwhcjsvglla"
                }
            },
            "resources": {
                "data.oci_identity_availability_domains.ADs": {
                    "type": "oci_identity_availability_domains",
                    "depends_on": [],
                    "primary": {
                        "id": "2018-06-05 14:55:45.289243 +0000 UTC",
                        "attributes": {
                            "availability_domains.#": "3",
                            "availability_domains.0.compartment_id": "ocid1.tenancy.oc1..aaaaaaaaxf3fuazosc6xng7l75rj6uist5jb6ken64t3qltimxnkymddqbma",
                            "availability_domains.0.name": "UpwH:US-ASHBURN-AD-1",
                            "availability_domains.1.compartment_id": "ocid1.tenancy.oc1..aaaaaaaaxf3fuazosc6xng7l75rj6uist5jb6ken64t3qltimxnkymddqbma",
                            "availability_domains.1.name": "UpwH:US-ASHBURN-AD-2",
                            "availability_domains.2.compartment_id": "ocid1.tenancy.oc1..aaaaaaaaxf3fuazosc6xng7l75rj6uist5jb6ken64t3qltimxnkymddqbma",
                            "availability_domains.2.name": "UpwH:US-ASHBURN-AD-3",
                            "compartment_id": "ocid1.tenancy.oc1..aaaaaaaaxf3fuazosc6xng7l75rj6uist5jb6ken64t3qltimxnkymddqbma",
                            "id": "2018-06-05 14:55:45.289243 +0000 UTC"
                        },
                        "meta": {},
                        "tainted": false
                    },
                    "deposed": [],
                    "provider": ""
                },
                "oci_core_volume.test_volume": {
                    "type": "oci_core_volume",
                    "depends_on": [],
                    "primary": {
                        "id": "ocid1.volume.oc1.iad.abuwcljti4xuxjwvafvsrroccqlktl6rjq3koui3ieiwrjnyjvwhcjsvglla",
                        "attributes": {
                            "availability_domain": "UpwH:US-ASHBURN-AD-2",
                            "compartment_id": "ocid1.compartment.oc1..aaaaaaaaob4ckouj3cjmf36ifjkff33wvln5fnnarumafqzpqq7tmbig2n5q",
                            "display_name": "volume_provisioner_system_test20180605155543669978",
                            "id": "ocid1.volume.oc1.iad.abuwcljti4xuxjwvafvsrroccqlktl6rjq3koui3ieiwrjnyjvwhcjsvglla",
                            "is_hydrated": "true",
                            "size_in_gbs": "50",
                            "size_in_mbs": "51200",
                            "source_details.#": "0",
                            "state": "AVAILABLE",
                            "time_created": "2018-06-05 14:55:45.874 +0000 UTC"
                        },
                        "meta": {
                            "e2bfb730-ecaa-11e6-8f88-34363bc7c4c0": {
                                "create": 300000000000,
                                "delete": 300000000000,
                                "update": 300000000000
                            }
                        },
                        "tainted": false
                    },
                    "deposed": [],
                    "provider": ""
                },
                "oci_core_volume_backup.test_volume_backup": {
                    "type": "oci_core_volume_backup",
                    "depends_on": [
                        "oci_core_volume.test_volume"
                    ],
                    "primary": {
                        "id": "ocid1.volumebackup.oc1.iad.abuwcljt3iwytcg5e2uerplg3jkg6vwlrsdmxquwvsqy3ikhc7233mrdr4bq",
                        "attributes": {
                            "compartment_id": "ocid1.compartment.oc1..aaaaaaaaob4ckouj3cjmf36ifjkff33wvln5fnnarumafqzpqq7tmbig2n5q",
                            "display_name": "backup_volume_provisioner_system_test20180605155543669978",
                            "id": "ocid1.volumebackup.oc1.iad.abuwcljt3iwytcg5e2uerplg3jkg6vwlrsdmxquwvsqy3ikhc7233mrdr4bq",
                            "size_in_gbs": "50",
                            "size_in_mbs": "51200",
                            "state": "AVAILABLE",
                            "time_created": "2018-06-05 14:56:05.879 +0000 UTC",
                            "time_request_received": "2018-06-05 14:56:00.657 +0000 UTC",
                            "unique_size_in_gbs": "1",
                            "unique_size_in_mbs": "1",
                            "volume_id": "ocid1.volume.oc1.iad.abuwcljti4xuxjwvafvsrroccqlktl6rjq3koui3ieiwrjnyjvwhcjsvglla"
                        },
                        "meta": {
                            "e2bfb730-ecaa-11e6-8f88-34363bc7c4c0": {
                                "create": 300000000000,
                                "delete": 300000000000,
                                "update": 300000000000
                            }
                        },
                        "tainted": false
                    },
                    "deposed": [],
                    "provider": ""
                }
            },
            "depends_on": []
        }
    ]
}
